// !$*UTF8*$!
{
	archiveVersion = 1;
	classes = {
	};
	objectVersion = 50;
	objects = {

/* Begin PBXBuildFile section */
		9D1D5BB720BD5CB4000C86D4 /* AppDelegate.swift in Sources */ = {isa = PBXBuildFile; fileRef = 9D1D5BB620BD5CB4000C86D4 /* AppDelegate.swift */; };
		9D1D5BB920BD5CB4000C86D4 /* ViewController.swift in Sources */ = {isa = PBXBuildFile; fileRef = 9D1D5BB820BD5CB4000C86D4 /* ViewController.swift */; };
		9D1D5BBC20BD5CB4000C86D4 /* Main.storyboard in Resources */ = {isa = PBXBuildFile; fileRef = 9D1D5BBA20BD5CB4000C86D4 /* Main.storyboard */; };
		9D1D5BBE20BD5CB8000C86D4 /* Assets.xcassets in Resources */ = {isa = PBXBuildFile; fileRef = 9D1D5BBD20BD5CB8000C86D4 /* Assets.xcassets */; };
		9D1D5BC120BD5CB8000C86D4 /* LaunchScreen.storyboard in Resources */ = {isa = PBXBuildFile; fileRef = 9D1D5BBF20BD5CB8000C86D4 /* LaunchScreen.storyboard */; };
		9D1D5BCC20BD5CB8000C86D4 /* CoinMarketCapTests.swift in Sources */ = {isa = PBXBuildFile; fileRef = 9D1D5BCB20BD5CB8000C86D4 /* CoinMarketCapTests.swift */; };
		9D1D5BD720BD5CB8000C86D4 /* CoinMarketCapUITests.swift in Sources */ = {isa = PBXBuildFile; fileRef = 9D1D5BD620BD5CB8000C86D4 /* CoinMarketCapUITests.swift */; };
/* End PBXBuildFile section */

/* Begin PBXContainerItemProxy section */
		9D1D5BC820BD5CB8000C86D4 /* PBXContainerItemProxy */ = {
			isa = PBXContainerItemProxy;
			containerPortal = 9D1D5BAB20BD5CB4000C86D4 /* Project object */;
			proxyType = 1;
			remoteGlobalIDString = 9D1D5BB220BD5CB4000C86D4;
			remoteInfo = CoinMarketCap;
		};
		9D1D5BD320BD5CB8000C86D4 /* PBXContainerItemProxy */ = {
			isa = PBXContainerItemProxy;
			containerPortal = 9D1D5BAB20BD5CB4000C86D4 /* Project object */;
			proxyType = 1;
			remoteGlobalIDString = 9D1D5BB220BD5CB4000C86D4;
			remoteInfo = CoinMarketCap;
		};
/* End PBXContainerItemProxy section */

/* Begin PBXFileReference section */
		9D1D5BB320BD5CB4000C86D4 /* CoinMarketCap.app */ = {isa = PBXFileReference; explicitFileType = wrapper.application; includeInIndex = 0; path = CoinMarketCap.app; sourceTree = BUILT_PRODUCTS_DIR; };
		9D1D5BB620BD5CB4000C86D4 /* AppDelegate.swift */ = {isa = PBXFileReference; lastKnownFileType = sourcecode.swift; path = AppDelegate.swift; sourceTree = "<group>"; };
		9D1D5BB820BD5CB4000C86D4 /* ViewController.swift */ = {isa = PBXFileReference; lastKnownFileType = sourcecode.swift; path = ViewController.swift; sourceTree = "<group>"; };
		9D1D5BBB20BD5CB4000C86D4 /* Base */ = {isa = PBXFileReference; lastKnownFileType = file.storyboard; name = Base; path = Base.lproj/Main.storyboard; sourceTree = "<group>"; };
		9D1D5BBD20BD5CB8000C86D4 /* Assets.xcassets */ = {isa = PBXFileReference; lastKnownFileType = folder.assetcatalog; path = Assets.xcassets; sourceTree = "<group>"; };
		9D1D5BC020BD5CB8000C86D4 /* Base */ = {isa = PBXFileReference; lastKnownFileType = file.storyboard; name = Base; path = Base.lproj/LaunchScreen.storyboard; sourceTree = "<group>"; };
		9D1D5BC220BD5CB8000C86D4 /* Info.plist */ = {isa = PBXFileReference; lastKnownFileType = text.plist.xml; path = Info.plist; sourceTree = "<group>"; };
		9D1D5BC720BD5CB8000C86D4 /* CoinMarketCapTests.xctest */ = {isa = PBXFileReference; explicitFileType = wrapper.cfbundle; includeInIndex = 0; path = CoinMarketCapTests.xctest; sourceTree = BUILT_PRODUCTS_DIR; };
		9D1D5BCB20BD5CB8000C86D4 /* CoinMarketCapTests.swift */ = {isa = PBXFileReference; lastKnownFileType = sourcecode.swift; path = CoinMarketCapTests.swift; sourceTree = "<group>"; };
		9D1D5BCD20BD5CB8000C86D4 /* Info.plist */ = {isa = PBXFileReference; lastKnownFileType = text.plist.xml; path = Info.plist; sourceTree = "<group>"; };
		9D1D5BD220BD5CB8000C86D4 /* CoinMarketCapUITests.xctest */ = {isa = PBXFileReference; explicitFileType = wrapper.cfbundle; includeInIndex = 0; path = CoinMarketCapUITests.xctest; sourceTree = BUILT_PRODUCTS_DIR; };
		9D1D5BD620BD5CB8000C86D4 /* CoinMarketCapUITests.swift */ = {isa = PBXFileReference; lastKnownFileType = sourcecode.swift; path = CoinMarketCapUITests.swift; sourceTree = "<group>"; };
		9D1D5BD820BD5CB8000C86D4 /* Info.plist */ = {isa = PBXFileReference; lastKnownFileType = text.plist.xml; path = Info.plist; sourceTree = "<group>"; };
/* End PBXFileReference section */

/* Begin PBXFrameworksBuildPhase section */
		9D1D5BB020BD5CB4000C86D4 /* Frameworks */ = {
			isa = PBXFrameworksBuildPhase;
			buildActionMask = 2147483647;
			files = (
			);
			runOnlyForDeploymentPostprocessing = 0;
		};
		9D1D5BC420BD5CB8000C86D4 /* Frameworks */ = {
			isa = PBXFrameworksBuildPhase;
			buildActionMask = 2147483647;
			files = (
			);
			runOnlyForDeploymentPostprocessing = 0;
		};
		9D1D5BCF20BD5CB8000C86D4 /* Frameworks */ = {
			isa = PBXFrameworksBuildPhase;
			buildActionMask = 2147483647;
			files = (
			);
			runOnlyForDeploymentPostprocessing = 0;
		};
/* End PBXFrameworksBuildPhase section */

/* Begin PBXGroup section */
		9D1D5BAA20BD5CB4000C86D4 = {
			isa = PBXGroup;
			children = (
				9D1D5BB520BD5CB4000C86D4 /* CoinMarketCap */,
				9D1D5BCA20BD5CB8000C86D4 /* CoinMarketCapTests */,
				9D1D5BD520BD5CB8000C86D4 /* CoinMarketCapUITests */,
				9D1D5BB420BD5CB4000C86D4 /* Products */,
			);
			sourceTree = "<group>";
		};
		9D1D5BB420BD5CB4000C86D4 /* Products */ = {
			isa = PBXGroup;
			children = (
				9D1D5BB320BD5CB4000C86D4 /* CoinMarketCap.app */,
				9D1D5BC720BD5CB8000C86D4 /* CoinMarketCapTests.xctest */,
				9D1D5BD220BD5CB8000C86D4 /* CoinMarketCapUITests.xctest */,
			);
			name = Products;
			sourceTree = "<group>";
		};
		9D1D5BB520BD5CB4000C86D4 /* CoinMarketCap */ = {
			isa = PBXGroup;
			children = (
				9D1D5BB620BD5CB4000C86D4 /* AppDelegate.swift */,
				9D1D5BB820BD5CB4000C86D4 /* ViewController.swift */,
				9D1D5BBA20BD5CB4000C86D4 /* Main.storyboard */,
				9D1D5BBD20BD5CB8000C86D4 /* Assets.xcassets */,
				9D1D5BBF20BD5CB8000C86D4 /* LaunchScreen.storyboard */,
				9D1D5BC220BD5CB8000C86D4 /* Info.plist */,
			);
			path = CoinMarketCap;
			sourceTree = "<group>";
		};
		9D1D5BCA20BD5CB8000C86D4 /* CoinMarketCapTests */ = {
			isa = PBXGroup;
			children = (
				9D1D5BCB20BD5CB8000C86D4 /* CoinMarketCapTests.swift */,
				9D1D5BCD20BD5CB8000C86D4 /* Info.plist */,
			);
			path = CoinMarketCapTests;
			sourceTree = "<group>";
		};
		9D1D5BD520BD5CB8000C86D4 /* CoinMarketCapUITests */ = {
			isa = PBXGroup;
			children = (
				9D1D5BD620BD5CB8000C86D4 /* CoinMarketCapUITests.swift */,
				9D1D5BD820BD5CB8000C86D4 /* Info.plist */,
			);
			path = CoinMarketCapUITests;
			sourceTree = "<group>";
		};
/* End PBXGroup section */

/* Begin PBXNativeTarget section */
		9D1D5BB220BD5CB4000C86D4 /* CoinMarketCap */ = {
			isa = PBXNativeTarget;
			buildConfigurationList = 9D1D5BDB20BD5CB8000C86D4 /* Build configuration list for PBXNativeTarget "CoinMarketCap" */;
			buildPhases = (
				9D1D5BAF20BD5CB4000C86D4 /* Sources */,
				9D1D5BB020BD5CB4000C86D4 /* Frameworks */,
				9D1D5BB120BD5CB4000C86D4 /* Resources */,
			);
			buildRules = (
			);
			dependencies = (
			);
			name = CoinMarketCap;
			productName = CoinMarketCap;
			productReference = 9D1D5BB320BD5CB4000C86D4 /* CoinMarketCap.app */;
			productType = "com.apple.product-type.application";
		};
		9D1D5BC620BD5CB8000C86D4 /* CoinMarketCapTests */ = {
			isa = PBXNativeTarget;
			buildConfigurationList = 9D1D5BDE20BD5CB8000C86D4 /* Build configuration list for PBXNativeTarget "CoinMarketCapTests" */;
			buildPhases = (
				9D1D5BC320BD5CB8000C86D4 /* Sources */,
				9D1D5BC420BD5CB8000C86D4 /* Frameworks */,
				9D1D5BC520BD5CB8000C86D4 /* Resources */,
			);
			buildRules = (
			);
			dependencies = (
				9D1D5BC920BD5CB8000C86D4 /* PBXTargetDependency */,
			);
			name = CoinMarketCapTests;
			productName = CoinMarketCapTests;
			productReference = 9D1D5BC720BD5CB8000C86D4 /* CoinMarketCapTests.xctest */;
			productType = "com.apple.product-type.bundle.unit-test";
		};
		9D1D5BD120BD5CB8000C86D4 /* CoinMarketCapUITests */ = {
			isa = PBXNativeTarget;
			buildConfigurationList = 9D1D5BE120BD5CB8000C86D4 /* Build configuration list for PBXNativeTarget "CoinMarketCapUITests" */;
			buildPhases = (
				9D1D5BCE20BD5CB8000C86D4 /* Sources */,
				9D1D5BCF20BD5CB8000C86D4 /* Frameworks */,
				9D1D5BD020BD5CB8000C86D4 /* Resources */,
			);
			buildRules = (
			);
			dependencies = (
				9D1D5BD420BD5CB8000C86D4 /* PBXTargetDependency */,
			);
			name = CoinMarketCapUITests;
			productName = CoinMarketCapUITests;
			productReference = 9D1D5BD220BD5CB8000C86D4 /* CoinMarketCapUITests.xctest */;
			productType = "com.apple.product-type.bundle.ui-testing";
		};
/* End PBXNativeTarget section */

/* Begin PBXProject section */
		9D1D5BAB20BD5CB4000C86D4 /* Project object */ = {
			isa = PBXProject;
			attributes = {
				LastSwiftUpdateCheck = 0930;
				LastUpgradeCheck = 0930;
				ORGANIZATIONNAME = "Олег Колтунов";
				TargetAttributes = {
					9D1D5BB220BD5CB4000C86D4 = {
						CreatedOnToolsVersion = 9.3.1;
					};
					9D1D5BC620BD5CB8000C86D4 = {
						CreatedOnToolsVersion = 9.3.1;
						TestTargetID = 9D1D5BB220BD5CB4000C86D4;
					};
					9D1D5BD120BD5CB8000C86D4 = {
						CreatedOnToolsVersion = 9.3.1;
						TestTargetID = 9D1D5BB220BD5CB4000C86D4;
					};
				};
			};
			buildConfigurationList = 9D1D5BAE20BD5CB4000C86D4 /* Build configuration list for PBXProject "CoinMarketCap" */;
			compatibilityVersion = "Xcode 9.3";
			developmentRegion = en;
			hasScannedForEncodings = 0;
			knownRegions = (
				en,
				Base,
			);
			mainGroup = 9D1D5BAA20BD5CB4000C86D4;
			productRefGroup = 9D1D5BB420BD5CB4000C86D4 /* Products */;
			projectDirPath = "";
			projectRoot = "";
			targets = (
				9D1D5BB220BD5CB4000C86D4 /* CoinMarketCap */,
				9D1D5BC620BD5CB8000C86D4 /* CoinMarketCapTests */,
				9D1D5BD120BD5CB8000C86D4 /* CoinMarketCapUITests */,
			);
		};
/* End PBXProject section */

/* Begin PBXResourcesBuildPhase section */
		9D1D5BB120BD5CB4000C86D4 /* Resources */ = {
			isa = PBXResourcesBuildPhase;
			buildActionMask = 2147483647;
			files = (
				9D1D5BC120BD5CB8000C86D4 /* LaunchScreen.storyboard in Resources */,
				9D1D5BBE20BD5CB8000C86D4 /* Assets.xcassets in Resources */,
				9D1D5BBC20BD5CB4000C86D4 /* Main.storyboard in Resources */,
			);
			runOnlyForDeploymentPostprocessing = 0;
		};
		9D1D5BC520BD5CB8000C86D4 /* Resources */ = {
			isa = PBXResourcesBuildPhase;
			buildActionMask = 2147483647;
			files = (
			);
			runOnlyForDeploymentPostprocessing = 0;
		};
		9D1D5BD020BD5CB8000C86D4 /* Resources */ = {
			isa = PBXResourcesBuildPhase;
			buildActionMask = 2147483647;
			files = (
			);
			runOnlyForDeploymentPostprocessing = 0;
		};
/* End PBXResourcesBuildPhase section */

/* Begin PBXSourcesBuildPhase section */
		9D1D5BAF20BD5CB4000C86D4 /* Sources */ = {
			isa = PBXSourcesBuildPhase;
			buildActionMask = 2147483647;
			files = (
				9D1D5BB920BD5CB4000C86D4 /* ViewController.swift in Sources */,
				9D1D5BB720BD5CB4000C86D4 /* AppDelegate.swift in Sources */,
			);
			runOnlyForDeploymentPostprocessing = 0;
		};
		9D1D5BC320BD5CB8000C86D4 /* Sources */ = {
			isa = PBXSourcesBuildPhase;
			buildActionMask = 2147483647;
			files = (
				9D1D5BCC20BD5CB8000C86D4 /* CoinMarketCapTests.swift in Sources */,
			);
			runOnlyForDeploymentPostprocessing = 0;
		};
		9D1D5BCE20BD5CB8000C86D4 /* Sources */ = {
			isa = PBXSourcesBuildPhase;
			buildActionMask = 2147483647;
			files = (
				9D1D5BD720BD5CB8000C86D4 /* CoinMarketCapUITests.swift in Sources */,
			);
			runOnlyForDeploymentPostprocessing = 0;
		};
/* End PBXSourcesBuildPhase section */

/* Begin PBXTargetDependency section */
		9D1D5BC920BD5CB8000C86D4 /* PBXTargetDependency */ = {
			isa = PBXTargetDependency;
			target = 9D1D5BB220BD5CB4000C86D4 /* CoinMarketCap */;
			targetProxy = 9D1D5BC820BD5CB8000C86D4 /* PBXContainerItemProxy */;
		};
		9D1D5BD420BD5CB8000C86D4 /* PBXTargetDependency */ = {
			isa = PBXTargetDependency;
			target = 9D1D5BB220BD5CB4000C86D4 /* CoinMarketCap */;
			targetProxy = 9D1D5BD320BD5CB8000C86D4 /* PBXContainerItemProxy */;
		};
/* End PBXTargetDependency section */

/* Begin PBXVariantGroup section */
		9D1D5BBA20BD5CB4000C86D4 /* Main.storyboard */ = {
			isa = PBXVariantGroup;
			children = (
				9D1D5BBB20BD5CB4000C86D4 /* Base */,
			);
			name = Main.storyboard;
			sourceTree = "<group>";
		};
		9D1D5BBF20BD5CB8000C86D4 /* LaunchScreen.storyboard */ = {
			isa = PBXVariantGroup;
			children = (
				9D1D5BC020BD5CB8000C86D4 /* Base */,
			);
			name = LaunchScreen.storyboard;
			sourceTree = "<group>";
		};
/* End PBXVariantGroup section */

/* Begin XCBuildConfiguration section */
		9D1D5BD920BD5CB8000C86D4 /* Debug */ = {
			isa = XCBuildConfiguration;
			buildSettings = {
				ALWAYS_SEARCH_USER_PATHS = NO;
				CLANG_ANALYZER_NONNULL = YES;
				CLANG_ANALYZER_NUMBER_OBJECT_CONVERSION = YES_AGGRESSIVE;
				CLANG_CXX_LANGUAGE_STANDARD = "gnu++14";
				CLANG_CXX_LIBRARY = "libc++";
				CLANG_ENABLE_MODULES = YES;
				CLANG_ENABLE_OBJC_ARC = YES;
				CLANG_ENABLE_OBJC_WEAK = YES;
				CLANG_WARN_BLOCK_CAPTURE_AUTORELEASING = YES;
				CLANG_WARN_BOOL_CONVERSION = YES;
				CLANG_WARN_COMMA = YES;
				CLANG_WARN_CONSTANT_CONVERSION = YES;
				CLANG_WARN_DEPRECATED_OBJC_IMPLEMENTATIONS = YES;
				CLANG_WARN_DIRECT_OBJC_ISA_USAGE = YES_ERROR;
				CLANG_WARN_DOCUMENTATION_COMMENTS = YES;
				CLANG_WARN_EMPTY_BODY = YES;
				CLANG_WARN_ENUM_CONVERSION = YES;
				CLANG_WARN_INFINITE_RECURSION = YES;
				CLANG_WARN_INT_CONVERSION = YES;
				CLANG_WARN_NON_LITERAL_NULL_CONVERSION = YES;
				CLANG_WARN_OBJC_IMPLICIT_RETAIN_SELF = YES;
				CLANG_WARN_OBJC_LITERAL_CONVERSION = YES;
				CLANG_WARN_OBJC_ROOT_CLASS = YES_ERROR;
				CLANG_WARN_RANGE_LOOP_ANALYSIS = YES;
				CLANG_WARN_STRICT_PROTOTYPES = YES;
				CLANG_WARN_SUSPICIOUS_MOVE = YES;
				CLANG_WARN_UNGUARDED_AVAILABILITY = YES_AGGRESSIVE;
				CLANG_WARN_UNREACHABLE_CODE = YES;
				CLANG_WARN__DUPLICATE_METHOD_MATCH = YES;
				CODE_SIGN_IDENTITY = "iPhone Developer";
				COPY_PHASE_STRIP = NO;
				DEBUG_INFORMATION_FORMAT = dwarf;
				ENABLE_STRICT_OBJC_MSGSEND = YES;
				ENABLE_TESTABILITY = YES;
				GCC_C_LANGUAGE_STANDARD = gnu11;
				GCC_DYNAMIC_NO_PIC = NO;
				GCC_NO_COMMON_BLOCKS = YES;
				GCC_OPTIMIZATION_LEVEL = 0;
				GCC_PREPROCESSOR_DEFINITIONS = (
					"DEBUG=1",
					"$(inherited)",
				);
				GCC_WARN_64_TO_32_BIT_CONVERSION = YES;
				GCC_WARN_ABOUT_RETURN_TYPE = YES_ERROR;
				GCC_WARN_UNDECLARED_SELECTOR = YES;
				GCC_WARN_UNINITIALIZED_AUTOS = YES_AGGRESSIVE;
				GCC_WARN_UNUSED_FUNCTION = YES;
				GCC_WARN_UNUSED_VARIABLE = YES;
				IPHONEOS_DEPLOYMENT_TARGET = 11.3;
				MTL_ENABLE_DEBUG_INFO = YES;
				ONLY_ACTIVE_ARCH = YES;
				SDKROOT = iphoneos;
				SWIFT_ACTIVE_COMPILATION_CONDITIONS = DEBUG;
				SWIFT_OPTIMIZATION_LEVEL = "-Onone";
			};
			name = Debug;
		};
		9D1D5BDA20BD5CB8000C86D4 /* Release */ = {
			isa = XCBuildConfiguration;
			buildSettings = {
				ALWAYS_SEARCH_USER_PATHS = NO;
				CLANG_ANALYZER_NONNULL = YES;
				CLANG_ANALYZER_NUMBER_OBJECT_CONVERSION = YES_AGGRESSIVE;
				CLANG_CXX_LANGUAGE_STANDARD = "gnu++14";
				CLANG_CXX_LIBRARY = "libc++";
				CLANG_ENABLE_MODULES = YES;
				CLANG_ENABLE_OBJC_ARC = YES;
				CLANG_ENABLE_OBJC_WEAK = YES;
				CLANG_WARN_BLOCK_CAPTURE_AUTORELEASING = YES;
				CLANG_WARN_BOOL_CONVERSION = YES;
				CLANG_WARN_COMMA = YES;
				CLANG_WARN_CONSTANT_CONVERSION = YES;
				CLANG_WARN_DEPRECATED_OBJC_IMPLEMENTATIONS = YES;
				CLANG_WARN_DIRECT_OBJC_ISA_USAGE = YES_ERROR;
				CLANG_WARN_DOCUMENTATION_COMMENTS = YES;
				CLANG_WARN_EMPTY_BODY = YES;
				CLANG_WARN_ENUM_CONVERSION = YES;
				CLANG_WARN_INFINITE_RECURSION = YES;
				CLANG_WARN_INT_CONVERSION = YES;
				CLANG_WARN_NON_LITERAL_NULL_CONVERSION = YES;
				CLANG_WARN_OBJC_IMPLICIT_RETAIN_SELF = YES;
				CLANG_WARN_OBJC_LITERAL_CONVERSION = YES;
				CLANG_WARN_OBJC_ROOT_CLASS = YES_ERROR;
				CLANG_WARN_RANGE_LOOP_ANALYSIS = YES;
				CLANG_WARN_STRICT_PROTOTYPES = YES;
				CLANG_WARN_SUSPICIOUS_MOVE = YES;
				CLANG_WARN_UNGUARDED_AVAILABILITY = YES_AGGRESSIVE;
				CLANG_WARN_UNREACHABLE_CODE = YES;
				CLANG_WARN__DUPLICATE_METHOD_MATCH = YES;
				CODE_SIGN_IDENTITY = "iPhone Developer";
				COPY_PHASE_STRIP = NO;
				DEBUG_INFORMATION_FORMAT = "dwarf-with-dsym";
				ENABLE_NS_ASSERTIONS = NO;
				ENABLE_STRICT_OBJC_MSGSEND = YES;
				GCC_C_LANGUAGE_STANDARD = gnu11;
				GCC_NO_COMMON_BLOCKS = YES;
				GCC_WARN_64_TO_32_BIT_CONVERSION = YES;
				GCC_WARN_ABOUT_RETURN_TYPE = YES_ERROR;
				GCC_WARN_UNDECLARED_SELECTOR = YES;
				GCC_WARN_UNINITIALIZED_AUTOS = YES_AGGRESSIVE;
				GCC_WARN_UNUSED_FUNCTION = YES;
				GCC_WARN_UNUSED_VARIABLE = YES;
				IPHONEOS_DEPLOYMENT_TARGET = 11.3;
				MTL_ENABLE_DEBUG_INFO = NO;
				SDKROOT = iphoneos;
				SWIFT_COMPILATION_MODE = wholemodule;
				SWIFT_OPTIMIZATION_LEVEL = "-O";
				VALIDATE_PRODUCT = YES;
			};
			name = Release;
		};
		9D1D5BDC20BD5CB8000C86D4 /* Debug */ = {
			isa = XCBuildConfiguration;
			buildSettings = {
				ASSETCATALOG_COMPILER_APPICON_NAME = AppIcon;
				CODE_SIGN_STYLE = Automatic;
				INFOPLIST_FILE = CoinMarketCap/Info.plist;
				IPHONEOS_DEPLOYMENT_TARGET = 9.0;
				LD_RUNPATH_SEARCH_PATHS = (
					"$(inherited)",
					"@executable_path/Frameworks",
				);
				PRODUCT_BUNDLE_IDENTIFIER = iolega.CoinMarketCap;
				PRODUCT_NAME = "$(TARGET_NAME)";
				SWIFT_VERSION = 4.0;
				TARGETED_DEVICE_FAMILY = "1,2";
			};
			name = Debug;
		};
		9D1D5BDD20BD5CB8000C86D4 /* Release */ = {
			isa = XCBuildConfiguration;
			buildSettings = {
				ASSETCATALOG_COMPILER_APPICON_NAME = AppIcon;
				CODE_SIGN_STYLE = Automatic;
				INFOPLIST_FILE = CoinMarketCap/Info.plist;
				IPHONEOS_DEPLOYMENT_TARGET = 9.0;
				LD_RUNPATH_SEARCH_PATHS = (
					"$(inherited)",
					"@executable_path/Frameworks",
				);
				PRODUCT_BUNDLE_IDENTIFIER = iolega.CoinMarketCap;
				PRODUCT_NAME = "$(TARGET_NAME)";
				SWIFT_VERSION = 4.0;
				TARGETED_DEVICE_FAMILY = "1,2";
			};
			name = Release;
		};
		9D1D5BDF20BD5CB8000C86D4 /* Debug */ = {
			isa = XCBuildConfiguration;
			buildSettings = {
				ALWAYS_EMBED_SWIFT_STANDARD_LIBRARIES = YES;
				BUNDLE_LOADER = "$(TEST_HOST)";
				CODE_SIGN_STYLE = Automatic;
				INFOPLIST_FILE = CoinMarketCapTests/Info.plist;
				LD_RUNPATH_SEARCH_PATHS = (
					"$(inherited)",
					"@executable_path/Frameworks",
					"@loader_path/Frameworks",
				);
				PRODUCT_BUNDLE_IDENTIFIER = iolega.CoinMarketCapTests;
				PRODUCT_NAME = "$(TARGET_NAME)";
				SWIFT_VERSION = 4.0;
				TARGETED_DEVICE_FAMILY = "1,2";
				TEST_HOST = "$(BUILT_PRODUCTS_DIR)/CoinMarketCap.app/CoinMarketCap";
			};
			name = Debug;
		};
		9D1D5BE020BD5CB8000C86D4 /* Release */ = {
			isa = XCBuildConfiguration;
			buildSettings = {
				ALWAYS_EMBED_SWIFT_STANDARD_LIBRARIES = YES;
				BUNDLE_LOADER = "$(TEST_HOST)";
				CODE_SIGN_STYLE = Automatic;
				INFOPLIST_FILE = CoinMarketCapTests/Info.plist;
				LD_RUNPATH_SEARCH_PATHS = (
					"$(inherited)",
					"@executable_path/Frameworks",
					"@loader_path/Frameworks",
				);
				PRODUCT_BUNDLE_IDENTIFIER = iolega.CoinMarketCapTests;
				PRODUCT_NAME = "$(TARGET_NAME)";
				SWIFT_VERSION = 4.0;
				TARGETED_DEVICE_FAMILY = "1,2";
				TEST_HOST = "$(BUILT_PRODUCTS_DIR)/CoinMarketCap.app/CoinMarketCap";
			};
			name = Release;
		};
		9D1D5BE220BD5CB8000C86D4 /* Debug */ = {
			isa = XCBuildConfiguration;
			buildSettings = {
				ALWAYS_EMBED_SWIFT_STANDARD_LIBRARIES = YES;
				CODE_SIGN_STYLE = Automatic;
				INFOPLIST_FILE = CoinMarketCapUITests/Info.plist;
				LD_RUNPATH_SEARCH_PATHS = (
					"$(inherited)",
					"@executable_path/Frameworks",
					"@loader_path/Frameworks",
				);
				PRODUCT_BUNDLE_IDENTIFIER = iolega.CoinMarketCapUITests;
				PRODUCT_NAME = "$(TARGET_NAME)";
				SWIFT_VERSION = 4.0;
				TARGETED_DEVICE_FAMILY = "1,2";
				TEST_TARGET_NAME = CoinMarketCap;
			};
			name = Debug;
		};
		9D1D5BE320BD5CB8000C86D4 /* Release */ = {
			isa = XCBuildConfiguration;
			buildSettings = {
				ALWAYS_EMBED_SWIFT_STANDARD_LIBRARIES = YES;
				CODE_SIGN_STYLE = Automatic;
				INFOPLIST_FILE = CoinMarketCapUITests/Info.plist;
				LD_RUNPATH_SEARCH_PATHS = (
					"$(inherited)",
					"@executable_path/Frameworks",
					"@loader_path/Frameworks",
				);
				PRODUCT_BUNDLE_IDENTIFIER = iolega.CoinMarketCapUITests;
				PRODUCT_NAME = "$(TARGET_NAME)";
				SWIFT_VERSION = 4.0;
				TARGETED_DEVICE_FAMILY = "1,2";
				TEST_TARGET_NAME = CoinMarketCap;
			};
			name = Release;
		};
/* End XCBuildConfiguration section */

/* Begin XCConfigurationList section */
		9D1D5BAE20BD5CB4000C86D4 /* Build configuration list for PBXProject "CoinMarketCap" */ = {
			isa = XCConfigurationList;
			buildConfigurations = (
				9D1D5BD920BD5CB8000C86D4 /* Debug */,
				9D1D5BDA20BD5CB8000C86D4 /* Release */,
			);
			defaultConfigurationIsVisible = 0;
			defaultConfigurationName = Release;
		};
		9D1D5BDB20BD5CB8000C86D4 /* Build configuration list for PBXNativeTarget "CoinMarketCap" */ = {
			isa = XCConfigurationList;
			buildConfigurations = (
				9D1D5BDC20BD5CB8000C86D4 /* Debug */,
				9D1D5BDD20BD5CB8000C86D4 /* Release */,
			);
			defaultConfigurationIsVisible = 0;
			defaultConfigurationName = Release;
		};
		9D1D5BDE20BD5CB8000C86D4 /* Build configuration list for PBXNativeTarget "CoinMarketCapTests" */ = {
			isa = XCConfigurationList;
			buildConfigurations = (
				9D1D5BDF20BD5CB8000C86D4 /* Debug */,
				9D1D5BE020BD5CB8000C86D4 /* Release */,
			);
			defaultConfigurationIsVisible = 0;
			defaultConfigurationName = Release;
		};
		9D1D5BE120BD5CB8000C86D4 /* Build configuration list for PBXNativeTarget "CoinMarketCapUITests" */ = {
			isa = XCConfigurationList;
			buildConfigurations = (
				9D1D5BE220BD5CB8000C86D4 /* Debug */,
				9D1D5BE320BD5CB8000C86D4 /* Release */,
			);
			defaultConfigurationIsVisible = 0;
			defaultConfigurationName = Release;
		};
/* End XCConfigurationList section */
	};
	rootObject = 9D1D5BAB20BD5CB4000C86D4 /* Project object */;
}
